
Microsoft Visual Studio Solution File, Format Version 12.00
# Visual Studio Version 17
VisualStudioVersion = 17.9.34902.65
MinimumVisualStudioVersion = 10.0.40219.1
Project("{FAE04EC0-301F-11D3-BF4B-00C04F79EFBC}") = "MauiApp1", "MauiApp1\MauiApp1.csproj", "{7EAD8DA9-23FA-4BA8-A89A-ADFB45803983}"
EndProject
Global
	GlobalSection(SolutionConfigurationPlatforms) = preSolution
		Debug|Any CPU = Debug|Any CPU
		Release|Any CPU = Release|Any CPU
	EndGlobalSection
	GlobalSection(ProjectConfigurationPlatforms) = postSolution
		{7EAD8DA9-23FA-4BA8-A89A-ADFB45803983}.Debug|Any CPU.ActiveCfg = Debug|Any CPU
		{7EAD8DA9-23FA-4BA8-A89A-ADFB45803983}.Debug|Any CPU.Build.0 = Debug|Any CPU
		{7EAD8DA9-23FA-4BA8-A89A-ADFB45803983}.Debug|Any CPU.Deploy.0 = Debug|Any CPU
		{7EAD8DA9-23FA-4BA8-A89A-ADFB45803983}.Release|Any CPU.ActiveCfg = Release|Any CPU
		{7EAD8DA9-23FA-4BA8-A89A-ADFB45803983}.Release|Any CPU.Build.0 = Release|Any CPU
		{7EAD8DA9-23FA-4BA8-A89A-ADFB45803983}.Release|Any CPU.Deploy.0 = Release|Any CPU
	EndGlobalSection
	GlobalSection(SolutionProperties) = preSolution
		HideSolutionNode = FALSE
	EndGlobalSection
	GlobalSection(ExtensibilityGlobals) = postSolution
		SolutionGuid = {573D4653-FED5-4601-9221-B429ECD9167A}
	EndGlobalSection
EndGlobal
